
Microsoft Visual Studio Solution File, Format Version 12.00
# Visual Studio Version 17
VisualStudioVersion = 17.6.33829.357
MinimumVisualStudioVersion = 10.0.40219.1
Project("{FAE04EC0-301F-11D3-BF4B-00C04F79EFBC}") = "WebApp", "WebApp\WebApp.csproj", "{F4FAAD04-BF3C-474E-8ECD-2520C2EDBBFA}"
EndProject
Global
	GlobalSection(SolutionConfigurationPlatforms) = preSolution
		Debug|Any CPU = Debug|Any CPU
		Release|Any CPU = Release|Any CPU
	EndGlobalSection
	GlobalSection(ProjectConfigurationPlatforms) = postSolution
		{F4FAAD04-BF3C-474E-8ECD-2520C2EDBBFA}.Debug|Any CPU.ActiveCfg = Debug|Any CPU
		{F4FAAD04-BF3C-474E-8ECD-2520C2EDBBFA}.Debug|Any CPU.Build.0 = Debug|Any CPU
		{F4FAAD04-BF3C-474E-8ECD-2520C2EDBBFA}.Release|Any CPU.ActiveCfg = Release|Any CPU
		{F4FAAD04-BF3C-474E-8ECD-2520C2EDBBFA}.Release|Any CPU.Build.0 = Release|Any CPU
	EndGlobalSection
	GlobalSection(SolutionProperties) = preSolution
		HideSolutionNode = FALSE
	EndGlobalSection
	GlobalSection(ExtensibilityGlobals) = postSolution
		SolutionGuid = {DB92DDEC-45DF-4B71-BFD4-7695CB40E40C}
	EndGlobalSection
EndGlobal
